
Microsoft Visual Studio Solution File, Format Version 11.00
# Visual Studio 2010
Project("{8BC9CEB8-8B4A-11D0-8D11-00A0C91BC942}") = "iw3exp", "iw3exp.vcxproj", "{108C6A73-0BE6-4CD6-A95F-49FE9CA837FA}"
EndProject
Global
	GlobalSection(SolutionConfigurationPlatforms) = preSolution
		Debug|Win32 = Debug|Win32
		Release|Win32 = Release|Win32
	EndGlobalSection
	GlobalSection(ProjectConfigurationPlatforms) = postSolution
		{108C6A73-0BE6-4CD6-A95F-49FE9CA837FA}.Debug|Win32.ActiveCfg = Debug|Win32
		{108C6A73-0BE6-4CD6-A95F-49FE9CA837FA}.Debug|Win32.Build.0 = Debug|Win32
		{108C6A73-0BE6-4CD6-A95F-49FE9CA837FA}.Release|Win32.ActiveCfg = Release|Win32
		{108C6A73-0BE6-4CD6-A95F-49FE9CA837FA}.Release|Win32.Build.0 = Release|Win32
	EndGlobalSection
	GlobalSection(SolutionProperties) = preSolution
		HideSolutionNode = FALSE
	EndGlobalSection
EndGlobal
