
Microsoft Visual Studio Solution File, Format Version 10.00
# Visual Studio 2008
Project("{8BC9CEB8-8B4A-11D0-8D11-00A0C91BC942}") = "aCI", "aCI.vcproj", "{83502E02-AD92-424B-80A1-AA1FC989DAFA}"
EndProject
Global
	GlobalSection(SolutionConfigurationPlatforms) = preSolution
		Normal|Win32 = Normal|Win32
	EndGlobalSection
	GlobalSection(ProjectConfigurationPlatforms) = postSolution
		{83502E02-AD92-424B-80A1-AA1FC989DAFA}.Normal|Win32.ActiveCfg = Normal|Win32
		{83502E02-AD92-424B-80A1-AA1FC989DAFA}.Normal|Win32.Build.0 = Normal|Win32
	EndGlobalSection
	GlobalSection(SolutionProperties) = preSolution
		HideSolutionNode = FALSE
	EndGlobalSection
EndGlobal
