<?xml version="1.0" encoding="utf-8"?>
<Project ToolsVersion="4.0" xmlns="http://schemas.microsoft.com/developer/msbuild/2003">
  <ItemGroup>
    <Filter Include="Source Files">
      <UniqueIdentifier>{4FC737F1-C7A5-4376-A066-2A32D752A2FF}</UniqueIdentifier>
      <Extensions>cpp;c;cc;cxx;def;odl;idl;hpj;bat;asm;asmx</Extensions>
    </Filter>
    <Filter Include="Source Files\DW">
      <UniqueIdentifier>{913a95ab-7bea-4b21-b082-6853a71a8327}</UniqueIdentifier>
    </Filter>
    <Filter Include="Source Files\Steam">
      <UniqueIdentifier>{38913e2b-2074-470e-985d-2a5a3f6d360b}</UniqueIdentifier>
    </Filter>
    <Filter Include="Source Files\Base">
      <UniqueIdentifier>{69946198-1cc8-4f71-8231-3f30da774245}</UniqueIdentifier>
    </Filter>
    <Filter Include="Source Files\Patches">
      <UniqueIdentifier>{f0ca36b3-8857-4dfc-9cea-75eccca0c414}</UniqueIdentifier>
    </Filter>
    <Filter Include="Source Files\Scriptability">
      <UniqueIdentifier>{4fdd3f5b-3297-4aee-96ec-4ac1a232ba96}</UniqueIdentifier>
    </Filter>
    <Filter Include="Header Files">
      <UniqueIdentifier>{93995380-89BD-4b04-88EB-625FBE52EBFB}</UniqueIdentifier>
      <Extensions>h;hpp;hxx;hm;inl;inc;xsd</Extensions>
    </Filter>
    <Filter Include="Resource Files">
      <UniqueIdentifier>{67DA6AB6-F800-4c08-8B7A-83BB121AAD01}</UniqueIdentifier>
      <Extensions>rc;ico;cur;bmp;dlg;rc2;rct;bin;rgs;gif;jpg;jpeg;jpe;resx;tiff;tif;png;wav</Extensions>
    </Filter>
  </ItemGroup>
  <ItemGroup>
    <ClCompile Include="dw\bdBitBuffer.cpp">
      <Filter>Source Files\DW</Filter>
    </ClCompile>
    <ClCompile Include="dw\bdByteBuffer.cpp">
      <Filter>Source Files\DW</Filter>
    </ClCompile>
    <ClCompile Include="dw\dwauth.cpp">
      <Filter>Source Files\DW</Filter>
    </ClCompile>
    <ClCompile Include="dw\dwcrypto.cpp">
      <Filter>Source Files\DW</Filter>
    </ClCompile>
    <ClCompile Include="dw\dwentry.cpp">
      <Filter>Source Files\DW</Filter>
    </ClCompile>
    <ClCompile Include="dw\dwhandler.cpp">
      <Filter>Source Files\DW</Filter>
    </ClCompile>
    <ClCompile Include="dw\dwMessage.cpp">
      <Filter>Source Files\DW</Filter>
    </ClCompile>
    <ClCompile Include="dw\dwstorage.cpp">
      <Filter>Source Files\DW</Filter>
    </ClCompile>
    <ClCompile Include="dw\dwtitleutils.cpp">
      <Filter>Source Files\DW</Filter>
    </ClCompile>
    <ClCompile Include="GSServer.cpp">
      <Filter>Source Files\Steam</Filter>
    </ClCompile>
    <ClCompile Include="IRC.cpp">
      <Filter>Source Files\Steam</Filter>
    </ClCompile>
    <ClCompile Include="steam_api.cpp">
      <Filter>Source Files\Steam</Filter>
    </ClCompile>
    <ClCompile Include="SteamApps004.cpp">
      <Filter>Source Files\Steam</Filter>
    </ClCompile>
    <ClCompile Include="SteamBase.cpp">
      <Filter>Source Files\Steam</Filter>
    </ClCompile>
    <ClCompile Include="SteamFriends009.cpp">
      <Filter>Source Files\Steam</Filter>
    </ClCompile>
    <ClCompile Include="SteamGameServer010.cpp">
      <Filter>Source Files\Steam</Filter>
    </ClCompile>
    <ClCompile Include="SteamMasterServerUpdater001.cpp">
      <Filter>Source Files\Steam</Filter>
    </ClCompile>
    <ClCompile Include="SteamMatchmaking008.cpp">
      <Filter>Source Files\Steam</Filter>
    </ClCompile>
    <ClCompile Include="SteamMatchmakingServers002.cpp">
      <Filter>Source Files\Steam</Filter>
    </ClCompile>
    <ClCompile Include="SteamNetworking005.cpp">
      <Filter>Source Files\Steam</Filter>
    </ClCompile>
    <ClCompile Include="SteamProxy.cpp">
      <Filter>Source Files\Steam</Filter>
    </ClCompile>
    <ClCompile Include="SteamRemoteStorage002.cpp">
      <Filter>Source Files\Steam</Filter>
    </ClCompile>
    <ClCompile Include="SteamUser016.cpp">
      <Filter>Source Files\Steam</Filter>
    </ClCompile>
    <ClCompile Include="SteamUserStats010.cpp">
      <Filter>Source Files\Steam</Filter>
    </ClCompile>
    <ClCompile Include="SteamUtils005.cpp">
      <Filter>Source Files\Steam</Filter>
    </ClCompile>
    <ClCompile Include="anticode.cpp">
      <Filter>Source Files\Base</Filter>
    </ClCompile>
    <ClCompile Include="Auth.cpp">
      <Filter>Source Files\Base</Filter>
    </ClCompile>
    <ClCompile Include="diskinfo.cpp">
      <Filter>Source Files\Base</Filter>
    </ClCompile>
    <ClCompile Include="Hooking.cpp">
      <Filter>Source Files\Base</Filter>
    </ClCompile>
    <ClCompile Include="main.cpp">
      <Filter>Source Files\Base</Filter>
    </ClCompile>
    <ClCompile Include="StdInc.cpp">
      <Filter>Source Files\Base</Filter>
    </ClCompile>
    <ClCompile Include="Utils.cpp">
      <Filter>Source Files\Base</Filter>
    </ClCompile>
    <ClCompile Include="AuthCI.cpp">
      <Filter>Source Files\Patches</Filter>
    </ClCompile>
    <ClCompile Include="IW5.cpp">
      <Filter>Source Files\Patches</Filter>
    </ClCompile>
    <ClCompile Include="PatchIW5.cpp">
      <Filter>Source Files\Patches</Filter>
    </ClCompile>
    <ClCompile Include="PatchIW5AssetRestrict.cpp">
      <Filter>Source Files\Patches</Filter>
    </ClCompile>
    <ClCompile Include="PatchIW5ConsoleDvar.cpp">
      <Filter>Source Files\Patches</Filter>
    </ClCompile>
    <ClCompile Include="PatchIW5CSVDump.cpp">
      <Filter>Source Files\Patches</Filter>
    </ClCompile>
    <ClCompile Include="PatchIW5DS.cpp">
      <Filter>Source Files\Patches</Filter>
    </ClCompile>
    <ClCompile Include="PatchIW5DWHax.cpp">
      <Filter>Source Files\Patches</Filter>
    </ClCompile>
    <ClCompile Include="PatchIW5SDDump.cpp">
      <Filter>Source Files\Patches</Filter>
    </ClCompile>
    <ClCompile Include="GameInterface.cpp">
      <Filter>Source Files\Scriptability</Filter>
    </ClCompile>
    <ClCompile Include="Scriptability.cpp">
      <Filter>Source Files\Scriptability</Filter>
    </ClCompile>
    <ClCompile Include="PatchIW5DediSay.cpp">
      <Filter>Source Files\Patches</Filter>
    </ClCompile>
    <ClCompile Include="PatchIW5ClientDvar.cpp">
      <Filter>Source Files\Patches</Filter>
    </ClCompile>
    <ClCompile Include="PatchIW5AssetReallocation.cpp">
      <Filter>Source Files\Patches</Filter>
    </ClCompile>
    <ClCompile Include="PatchIW5DSTestClients.cpp">
      <Filter>Source Files\Patches</Filter>
    </ClCompile>
    <ClCompile Include="PatchIW5DSExperiments.cpp">
      <Filter>Source Files\Patches</Filter>
    </ClCompile>
    <ClCompile Include="PatchIW5EliteScores.cpp">
      <Filter>Source Files\Patches</Filter>
    </ClCompile>
    <ClCompile Include="DLCInstaller.cpp">
      <Filter>Source Files\Base</Filter>
    </ClCompile>
    <ClCompile Include="PatchIW5DSCommandHandling.cpp">
      <Filter>Source Files\Patches</Filter>
    </ClCompile>
  </ItemGroup>
  <ItemGroup>
    <ClInclude Include="dw\bdBitBuffer.h">
      <Filter>Source Files\DW</Filter>
    </ClInclude>
    <ClInclude Include="dw\bdByteBuffer.h">
      <Filter>Source Files\DW</Filter>
    </ClInclude>
    <ClInclude Include="dw\dw.h">
      <Filter>Source Files\DW</Filter>
    </ClInclude>
    <ClInclude Include="dw\dwMessage.h">
      <Filter>Source Files\DW</Filter>
    </ClInclude>
    <ClInclude Include="dw\StdInc.h">
      <Filter>Source Files\DW</Filter>
    </ClInclude>
    <ClInclude Include="diskinfo.h">
      <Filter>Header Files</Filter>
    </ClInclude>
    <ClInclude Include="GSClient.h">
      <Filter>Header Files</Filter>
    </ClInclude>
    <ClInclude Include="GSServer.h">
      <Filter>Header Files</Filter>
    </ClInclude>
    <ClInclude Include="Hooking.h">
      <Filter>Header Files</Filter>
    </ClInclude>
    <ClInclude Include="IRC.h">
      <Filter>Header Files</Filter>
    </ClInclude>
    <ClInclude Include="IW5.h">
      <Filter>Header Files</Filter>
    </ClInclude>
    <ClInclude Include="stdinc.h">
      <Filter>Header Files</Filter>
    </ClInclude>
    <ClInclude Include="SteamApps004.h">
      <Filter>Header Files</Filter>
    </ClInclude>
    <ClInclude Include="SteamBase.h">
      <Filter>Header Files</Filter>
    </ClInclude>
    <ClInclude Include="SteamFriends009.h">
      <Filter>Header Files</Filter>
    </ClInclude>
    <ClInclude Include="SteamGameServer010.h">
      <Filter>Header Files</Filter>
    </ClInclude>
    <ClInclude Include="SteamMasterServerUpdater001.h">
      <Filter>Header Files</Filter>
    </ClInclude>
    <ClInclude Include="SteamMatchmaking008.h">
      <Filter>Header Files</Filter>
    </ClInclude>
    <ClInclude Include="SteamMatchmakingServers002.h">
      <Filter>Header Files</Filter>
    </ClInclude>
    <ClInclude Include="SteamNetworking005.h">
      <Filter>Header Files</Filter>
    </ClInclude>
    <ClInclude Include="SteamRemoteStorage002.h">
      <Filter>Header Files</Filter>
    </ClInclude>
    <ClInclude Include="SteamUser016.h">
      <Filter>Header Files</Filter>
    </ClInclude>
    <ClInclude Include="SteamUserStats010.h">
      <Filter>Header Files</Filter>
    </ClInclude>
    <ClInclude Include="SteamUtils005.h">
      <Filter>Header Files</Filter>
    </ClInclude>
    <ClInclude Include="Utils.h">
      <Filter>Header Files</Filter>
    </ClInclude>
  </ItemGroup>
</Project>